
Microsoft Visual Studio Solution File, Format Version 12.00
# Visual Studio Version 16
VisualStudioVersion = 16.0.29001.49
MinimumVisualStudioVersion = 10.0.40219.1
Project("{9A19103F-16F7-4668-BE54-9A1E7A4F7556}") = "TnTSoftware.Cqrs", "src\TnTSoftware.Cqrs\TnTSoftware.Cqrs.csproj", "{82F1B30D-8751-493F-BFFD-6C0946CAA1EB}"
EndProject
Project("{9A19103F-16F7-4668-BE54-9A1E7A4F7556}") = "TnTSoftware.Cqrs.AspNetCore", "src\TnTSoftware.Cqrs.AspNetCore\TnTSoftware.Cqrs.AspNetCore.csproj", "{C5CD7D8E-96F1-4730-880C-E615A6679EA5}"
EndProject
Project("{2150E333-8FDC-42A3-9474-1A3956D46DE8}") = "_Tests", "_Tests", "{48040F55-6ECD-4B15-B9C7-5CFCD2C77645}"
EndProject
Project("{9A19103F-16F7-4668-BE54-9A1E7A4F7556}") = "TnTSoftware.Cqrs.Tests", "src\TnTSoftware.Cqrs.Tests\TnTSoftware.Cqrs.Tests.csproj", "{21120E8F-A0CB-4210-ADCA-A114B5A183A8}"
EndProject
Project("{9A19103F-16F7-4668-BE54-9A1E7A4F7556}") = "TnTSoftware.Cqrs.AspNetCore.Tests", "src\TnTSoftware.Cqrs.AspNetCore.Tests\TnTSoftware.Cqrs.AspNetCore.Tests.csproj", "{B5C436C3-8FE5-4E37-994D-95B859E7821F}"
EndProject
Global
	GlobalSection(SolutionConfigurationPlatforms) = preSolution
		Debug|Any CPU = Debug|Any CPU
		Release|Any CPU = Release|Any CPU
	EndGlobalSection
	GlobalSection(ProjectConfigurationPlatforms) = postSolution
		{82F1B30D-8751-493F-BFFD-6C0946CAA1EB}.Debug|Any CPU.ActiveCfg = Debug|Any CPU
		{82F1B30D-8751-493F-BFFD-6C0946CAA1EB}.Debug|Any CPU.Build.0 = Debug|Any CPU
		{82F1B30D-8751-493F-BFFD-6C0946CAA1EB}.Release|Any CPU.ActiveCfg = Release|Any CPU
		{82F1B30D-8751-493F-BFFD-6C0946CAA1EB}.Release|Any CPU.Build.0 = Release|Any CPU
		{C5CD7D8E-96F1-4730-880C-E615A6679EA5}.Debug|Any CPU.ActiveCfg = Debug|Any CPU
		{C5CD7D8E-96F1-4730-880C-E615A6679EA5}.Debug|Any CPU.Build.0 = Debug|Any CPU
		{C5CD7D8E-96F1-4730-880C-E615A6679EA5}.Release|Any CPU.ActiveCfg = Release|Any CPU
		{C5CD7D8E-96F1-4730-880C-E615A6679EA5}.Release|Any CPU.Build.0 = Release|Any CPU
		{21120E8F-A0CB-4210-ADCA-A114B5A183A8}.Debug|Any CPU.ActiveCfg = Debug|Any CPU
		{21120E8F-A0CB-4210-ADCA-A114B5A183A8}.Debug|Any CPU.Build.0 = Debug|Any CPU
		{21120E8F-A0CB-4210-ADCA-A114B5A183A8}.Release|Any CPU.ActiveCfg = Release|Any CPU
		{21120E8F-A0CB-4210-ADCA-A114B5A183A8}.Release|Any CPU.Build.0 = Release|Any CPU
		{B5C436C3-8FE5-4E37-994D-95B859E7821F}.Debug|Any CPU.ActiveCfg = Debug|Any CPU
		{B5C436C3-8FE5-4E37-994D-95B859E7821F}.Debug|Any CPU.Build.0 = Debug|Any CPU
		{B5C436C3-8FE5-4E37-994D-95B859E7821F}.Release|Any CPU.ActiveCfg = Release|Any CPU
		{B5C436C3-8FE5-4E37-994D-95B859E7821F}.Release|Any CPU.Build.0 = Release|Any CPU
	EndGlobalSection
	GlobalSection(SolutionProperties) = preSolution
		HideSolutionNode = FALSE
	EndGlobalSection
	GlobalSection(NestedProjects) = preSolution
		{21120E8F-A0CB-4210-ADCA-A114B5A183A8} = {48040F55-6ECD-4B15-B9C7-5CFCD2C77645}
		{B5C436C3-8FE5-4E37-994D-95B859E7821F} = {48040F55-6ECD-4B15-B9C7-5CFCD2C77645}
	EndGlobalSection
	GlobalSection(ExtensibilityGlobals) = postSolution
		SolutionGuid = {545D08DA-C376-4F68-BFF6-D79021B19F59}
	EndGlobalSection
EndGlobal
